
Microsoft Visual Studio Solution File, Format Version 12.00
# Visual Studio Version 17
VisualStudioVersion = 17.9.34701.34
MinimumVisualStudioVersion = 10.0.40219.1
Project("{FAE04EC0-301F-11D3-BF4B-00C04F79EFBC}") = "Api_Cursinho", "Api_Cursinho\Api_Cursinho.csproj", "{F40FBCD2-D008-406E-A517-DA34AAA41734}"
EndProject
Global
	GlobalSection(SolutionConfigurationPlatforms) = preSolution
		Debug|Any CPU = Debug|Any CPU
		Release|Any CPU = Release|Any CPU
	EndGlobalSection
	GlobalSection(ProjectConfigurationPlatforms) = postSolution
		{F40FBCD2-D008-406E-A517-DA34AAA41734}.Debug|Any CPU.ActiveCfg = Debug|Any CPU
		{F40FBCD2-D008-406E-A517-DA34AAA41734}.Debug|Any CPU.Build.0 = Debug|Any CPU
		{F40FBCD2-D008-406E-A517-DA34AAA41734}.Release|Any CPU.ActiveCfg = Release|Any CPU
		{F40FBCD2-D008-406E-A517-DA34AAA41734}.Release|Any CPU.Build.0 = Release|Any CPU
	EndGlobalSection
	GlobalSection(SolutionProperties) = preSolution
		HideSolutionNode = FALSE
	EndGlobalSection
	GlobalSection(ExtensibilityGlobals) = postSolution
		SolutionGuid = {E89A82C9-6839-4336-9E3F-7EDDC8271426}
	EndGlobalSection
EndGlobal
